version: v2
locks:
  f/eval_zr_farvbo5/finalize: d7eaeb2180292b4443fc8e315d719359e453eb596f3fe0b30fb013a4ca0b17c9
  f/eval_zr_farvbo5/flaky_step: 5207c1e8e86179f67d40ae5602807f1586ed40fede18a833fae2ff2c6736db22
  f/eval_zr_farvbo5/retry_pipeline__flow+__flow_hash: 44136fa355b3678a1146ad16f7e8649e94fb4fc21fe77e8310c060f61caaff8a
