version: v2
locks:
  f/eval_zr_4znwage/finalize/finalize: a55a4e19b80d2d6c96576577595165a80871268700910179ddb60cba39dd9597
  f/eval_zr_4znwage/flaky_step/flaky_step: 729e88538df9ca042f20de3270317b54ec3d963b9151f917a1597093be246188
  f/eval_zr_4znwage/retry_pipeline__flow+__flow_hash: 44136fa355b3678a1146ad16f7e8649e94fb4fc21fe77e8310c060f61caaff8a
