version: v2
locks:
  f/secret_masking_zr_g9bz7if/print_secret: 9e9d399f04e2daf45be5fd679c92fc01b397bfed892939f2ef49b15a0829d45b
  f/zealt_zr-pmghngh/wac_step_determinism: fba2dd94d42f7f7727a9ec7b60c5b95b0d0ed22509b99712dd1808ad984b47f8
  f/zealt/pydantic_input_zr-fwwzu3l: 680dcb1aa4c5cc1ae08d6436e667d94634d7d97b1a6e1dc6abdd10f089ca3492
  f/zealt/pydantic_input_zr-rx3fzst: 5006a9e6499afc5e25c2ec8d53e9ce8f672342fe7dc4a58187a02748ae401d6e
