version: v2
locks:
  f/agent_zr_fldjzzb/lookup_sku: 0f43f96f664bd883aa8a03590b94f7346f3ee5af825f9f1f34369568cd528ae8
  f/eval_zr_gnmws7t/finalize: 5097e50be57dbb7f9b53919c6266cfb0ad523f6bee5af3529292bc53f4979aa1
  f/eval_zr_gnmws7t/flaky_step: 6a170e997e56e8d58036ce932b2f3610c5d32bbcddb8547ce0935def8ba8827a
  f/eval_zr_gnmws7t/retry_pipeline__flow+__flow_hash: 44136fa355b3678a1146ad16f7e8649e94fb4fc21fe77e8310c060f61caaff8a
  f/zealt_demo/sum_ts_zr-ttrenth: 86387afe6f06eada5cf4486ebdd9c3016cde71fbd781f5576997a3e82b8926ab
  f/zealt_eval/add_numbers: e007217880180490d353a45bb9520c1fecd7ba4f5571de930c534eb316b6c29a
  f/zealt/read_api_url_zr_etkgdhj: 3df826b6d7eb7d7f0ab440ee4960023171d64f0f88dae3e698b0b9bd0941a2e2
