version: v2
locks:
  f/eval_zr_4znwage/finalize/finalize: beebfef4b0b7d94a408cb02823ce451dbbcabb974673c36be5f31794b55ea2b4
  f/eval_zr_4znwage/flaky_step/flaky_step: 3f52784593ea633f2759a547cbb59bcff460e65ac79a7667b1391e0024ae7a61
  f/eval_zr_4znwage/retry_pipeline__flow+__flow_hash: 44136fa355b3678a1146ad16f7e8649e94fb4fc21fe77e8310c060f61caaff8a
  f/eval/deploy_pipeline_zr-afgpru5: deb3950fc1b413005a202b5fa80a4863ee4509a48918d2b405151a430bc8601e
  f/eval/pg_row_count: 7038696dba04386d1889e10f583df038fb19d0a1b8ac6eb1e02f2dacecf95820
